
Microsoft Visual Studio Solution File, Format Version 12.00
# Visual Studio 15
VisualStudioVersion = 15.0.28307.438
MinimumVisualStudioVersion = 10.0.40219.1
Project("{FAE04EC0-301F-11D3-BF4B-00C04F79EFBC}") = "iBlog", "iBlog\iBlog.csproj", "{B54ECB95-8C04-489E-997C-2E9B5C43002F}"
EndProject
Global
	GlobalSection(SolutionConfigurationPlatforms) = preSolution
		Debug|Any CPU = Debug|Any CPU
		Release|Any CPU = Release|Any CPU
	EndGlobalSection
	GlobalSection(ProjectConfigurationPlatforms) = postSolution
		{B54ECB95-8C04-489E-997C-2E9B5C43002F}.Debug|Any CPU.ActiveCfg = Debug|Any CPU
		{B54ECB95-8C04-489E-997C-2E9B5C43002F}.Debug|Any CPU.Build.0 = Debug|Any CPU
		{B54ECB95-8C04-489E-997C-2E9B5C43002F}.Release|Any CPU.ActiveCfg = Release|Any CPU
		{B54ECB95-8C04-489E-997C-2E9B5C43002F}.Release|Any CPU.Build.0 = Release|Any CPU
	EndGlobalSection
	GlobalSection(SolutionProperties) = preSolution
		HideSolutionNode = FALSE
	EndGlobalSection
	GlobalSection(ExtensibilityGlobals) = postSolution
		SolutionGuid = {88CFF892-720A-4905-A020-98B4B5A7B294}
	EndGlobalSection
EndGlobal
